// !$*UTF8*$!
{
	archiveVersion = 1;
	classes = {
	};
	objectVersion = 77;
	objects = {

/* Begin PBXBuildFile section */
		0A1B2C3D4E5F6A7B8C9D0E1F /* BookActionService.swift in Sources */ = {isa = PBXBuildFile; fileRef = A1B2C3D4E5F6A7B8C9D0E1FA /* BookActionService.swift */; };
		1B2C3D4E5F6A7B8C9D0E1F2A /* WantToReadButton.swift in Sources */ = {isa = PBXBuildFile; fileRef = B2C3D4E5F6A7B8C9D0E1F2AB /* WantToReadButton.swift */; };
		2C3D4E5F6A7B8C9D0E1F2A3B /* CurrentlyReadingButton.swift in Sources */ = {isa = PBXBuildFile; fileRef = C3D4E5F6A7B8C9D0E1F2A3BC /* CurrentlyReadingButton.swift */; };
		0A460AC41911317776B8D784 /* WantToRead.swift in Sources */ = {isa = PBXBuildFile; fileRef = F7BEFB44B7FCAE7A0C100154 /* WantToRead.swift */; };
		0E7F578E621B6BE1A5413763 /* GoogleSignIn in Frameworks */ = {isa = PBXBuildFile; productRef = 1C2718F7C24809653AD66131 /* GoogleSignIn */; };
		11E34707CAE482BF9495C3F0 /* FeedService.swift in Sources */ = {isa = PBXBuildFile; fileRef = FFEC649270B4ECEC1EFF1056 /* FeedService.swift */; };
		1327944E894AB7D6737D0040 /* BookRowView.swift in Sources */ = {isa = PBXBuildFile; fileRef = 05668133B0CF4D3CB3CE0D6B /* BookRowView.swift */; };
		141114D554B12CF4A1327F35 /* GoogleAuthService.swift in Sources */ = {isa = PBXBuildFile; fileRef = CBAB09B84F6FC3092E42BC54 /* GoogleAuthService.swift */; };
		191B468D88B3D24D33CF758C /* FollowButton.swift in Sources */ = {isa = PBXBuildFile; fileRef = E4A02C8F22912499BDFF44B7 /* FollowButton.swift */; };
		1D6DC2C44A76D1280510D8D2 /* ReviewComment.swift in Sources */ = {isa = PBXBuildFile; fileRef = B60A3E5C03349E574AD45885 /* ReviewComment.swift */; };
		1F5EBB1D80855B843263FED4 /* BookCoverView.swift in Sources */ = {isa = PBXBuildFile; fileRef = B95FF63E1C1042E3D9CB9735 /* BookCoverView.swift */; };
		2787B2ADD0A3961053CB9AFF /* EditionPickerView.swift in Sources */ = {isa = PBXBuildFile; fileRef = A1088A299700DAAB80A06694 /* EditionPickerView.swift */; };
		2B6C7C8B34EF838297F692F8 /* LeaderboardTab.swift in Sources */ = {isa = PBXBuildFile; fileRef = F0139D7BB6A2CAACAB2D15D3 /* LeaderboardTab.swift */; };
		2D346057A0531FA45D9BFA4E /* AuthService.swift in Sources */ = {isa = PBXBuildFile; fileRef = EEF62D81A51A2017B06A7F47 /* AuthService.swift */; };
		38BCA4770442541AE96B9956 /* CurrentlyReading.swift in Sources */ = {isa = PBXBuildFile; fileRef = 913D61A37F2B1C21DF4FC7E0 /* CurrentlyReading.swift */; };
		39CF22880DE094DB0FB5345A /* BookSearchView.swift in Sources */ = {isa = PBXBuildFile; fileRef = 28F6590CD187B30AD0DBF387 /* BookSearchView.swift */; };
		3D08D101EB87390DDF7F080E /* Supabase in Frameworks */ = {isa = PBXBuildFile; productRef = 75A54410B3DB998992C79122 /* Supabase */; };
		404541C13F3B8DD1AEA74127 /* Notification.swift in Sources */ = {isa = PBXBuildFile; fileRef = 0D8A00F6393320A9FD2499E0 /* Notification.swift */; };
		410132F61B02429A15E1AA14 /* ProfileService.swift in Sources */ = {isa = PBXBuildFile; fileRef = E5E71D2F2459912AF982E5A8 /* ProfileService.swift */; };
		440007686F38778ECC4F5415 /* BookfolioApp.swift in Sources */ = {isa = PBXBuildFile; fileRef = 7CB46FA56D562C70EF50DE96 /* BookfolioApp.swift */; };
		48DB8A4ACA21A6DCCC7DD12E /* LoginView.swift in Sources */ = {isa = PBXBuildFile; fileRef = F33B665A8CD6C68E83501292 /* LoginView.swift */; };
		4B91C30AA5378539D4F2906A /* ReviewLike.swift in Sources */ = {isa = PBXBuildFile; fileRef = C810FA17EACAF311EC0DD419 /* ReviewLike.swift */; };
		4F3858409401D1D145787D55 /* Referral.swift in Sources */ = {isa = PBXBuildFile; fileRef = F2C75BD7BF9C109E68C7AA13 /* Referral.swift */; };
		52E8926F35D5E917711064BA /* OpenLibraryTypes.swift in Sources */ = {isa = PBXBuildFile; fileRef = F58CB3B1B2625498229DAE18 /* OpenLibraryTypes.swift */; };
		5F52CA47B98463F09C5C72E8 /* Activity.swift in Sources */ = {isa = PBXBuildFile; fileRef = 701BB05152AA1EA8CDE87746 /* Activity.swift */; };
		63576D980D1FEDF2A3EF9581 /* Follow.swift in Sources */ = {isa = PBXBuildFile; fileRef = 4993BD71FB2A371AB7279621 /* Follow.swift */; };
		686698413BFE3CD21A6B64F5 /* AppleAuthService.swift in Sources */ = {isa = PBXBuildFile; fileRef = 9DDBC1D64939BAFC7B657A89 /* AppleAuthService.swift */; };
		72F38D5FBED62DB5A916A94B /* SearchTab.swift in Sources */ = {isa = PBXBuildFile; fileRef = DF7A6C8BD6698F410CA126C3 /* SearchTab.swift */; };
		747FA723B5C24BA27798B448 /* Assets.xcassets in Resources */ = {isa = PBXBuildFile; fileRef = 5E7F3B5EB350756F3BF524D4 /* Assets.xcassets */; };
		7677B6A46A782C79DC2014A4 /* UserBook.swift in Sources */ = {isa = PBXBuildFile; fileRef = 7D861B1088E04F2F9F9BC304 /* UserBook.swift */; };
		77DD17ED33C5F343EA7F5816 /* AuthError+Display.swift in Sources */ = {isa = PBXBuildFile; fileRef = 0E7652B47A896B0566553584 /* AuthError+Display.swift */; };
		7EA090D93940FB1CCFD16835 /* EditProfileView.swift in Sources */ = {isa = PBXBuildFile; fileRef = EDC7179592EE347A38CD09ED /* EditProfileView.swift */; };
		7FC27ABD30BDDD73EDB4B059 /* ProfileTab.swift in Sources */ = {isa = PBXBuildFile; fileRef = 89A66A0B7341EE53E490134C /* ProfileTab.swift */; };
		8279664987ABF9DEA4122339 /* OpenLibraryService.swift in Sources */ = {isa = PBXBuildFile; fileRef = C76AE8997AF56791BC2C9516 /* OpenLibraryService.swift */; };
		82EBC25FCFFB5D0C7E7C76F9 /* SupabaseService.swift in Sources */ = {isa = PBXBuildFile; fileRef = D3EECCE09C65F54475795ABA /* SupabaseService.swift */; };
		8386211142BCE045AA67F163 /* FollowListView.swift in Sources */ = {isa = PBXBuildFile; fileRef = D285318C0B1E1FD1175EC6DB /* FollowListView.swift */; };
		83C6F99B8755FF8C07B5C570 /* ProfileView.swift in Sources */ = {isa = PBXBuildFile; fileRef = ADA0952B8DB74389FC2C6380 /* ProfileView.swift */; };
		83C913832856FD55C9F49AB2 /* Preview Assets.xcassets in Resources */ = {isa = PBXBuildFile; fileRef = 40727BDC00331C4741035DBF /* Preview Assets.xcassets */; };
		84E330AE94D3E66DCC3F2E18 /* CurrentlyReadingView.swift in Sources */ = {isa = PBXBuildFile; fileRef = F9D3D1A2032094DAFEA44382 /* CurrentlyReadingView.swift */; };
		8BE87EA133B9D2B7B7563ECC /* BookListItem.swift in Sources */ = {isa = PBXBuildFile; fileRef = AE97EE03E2559AE4A7970EA0 /* BookListItem.swift */; };
		8D4FB892CA96E4692E3EA141 /* BookList.swift in Sources */ = {isa = PBXBuildFile; fileRef = 59E11A8F654E2E7AE6BDCFB8 /* BookList.swift */; };
		940AF755276D38A12560BA5B /* Profile.swift in Sources */ = {isa = PBXBuildFile; fileRef = 179E73F6152A324D75AB04AE /* Profile.swift */; };
		963FE8A741E657F052DDBC71 /* ListsTab.swift in Sources */ = {isa = PBXBuildFile; fileRef = 553F233E3E0F83EB26C60A76 /* ListsTab.swift */; };
		97D46EE806468137DC432D0F /* GoogleSignInSwift in Frameworks */ = {isa = PBXBuildFile; productRef = D01179B0507342E54EF07804 /* GoogleSignInSwift */; };
		9EA0985F78AE18E5B2222556 /* UsernameSetupView.swift in Sources */ = {isa = PBXBuildFile; fileRef = D4C61570B13BED7FFE5DDD46 /* UsernameSetupView.swift */; };
		A42DD9D6B49C66B1373BDB07 /* TabRouter.swift in Sources */ = {isa = PBXBuildFile; fileRef = 526B5EC6D449D663E7B2C826 /* TabRouter.swift */; };
		A502CD88F533E9F00F39F279 /* FeedItemView.swift in Sources */ = {isa = PBXBuildFile; fileRef = FE42E9A8B372B0BF6D7D17EE /* FeedItemView.swift */; };
		A8226D17DE59D0DB29B6A18B /* Config.swift in Sources */ = {isa = PBXBuildFile; fileRef = 26572BFF35D1002E3E8CB8A7 /* Config.swift */; };
		AD83D1E83B0FCAA6FBA308A9 /* AppRouter.swift in Sources */ = {isa = PBXBuildFile; fileRef = 8E727FD933A5EB9D56E0A3A4 /* AppRouter.swift */; };
		B3D89BFFBACD49719729B833 /* FavoriteBook.swift in Sources */ = {isa = PBXBuildFile; fileRef = 8E77BB618CE287E1EB23FDE5 /* FavoriteBook.swift */; };
		B50461093051B6610037ECA3 /* NotificationItemView.swift in Sources */ = {isa = PBXBuildFile; fileRef = 29F62733405B641F523B6462 /* NotificationItemView.swift */; };
		B5C92ADB2B8744ABA82DC755 /* BookDetailView.swift in Sources */ = {isa = PBXBuildFile; fileRef = 8F8495808F56120577D67AA5 /* BookDetailView.swift */; };
		B88878F93F7BD97471E3D866 /* RouteDestination.swift in Sources */ = {isa = PBXBuildFile; fileRef = 7FBAD9B145B2BC5AD8F54F8E /* RouteDestination.swift */; };
		CCD41FEB9DF0142CF17A54D0 /* ReadBooksView.swift in Sources */ = {isa = PBXBuildFile; fileRef = 55D235089074E47177103A3B /* ReadBooksView.swift */; };
		DB9543E6063BF15FBD827050 /* WantToReadView.swift in Sources */ = {isa = PBXBuildFile; fileRef = 27AC24D2F35CDC5C5A6B88C8 /* WantToReadView.swift */; };
		E174963219E8B5D1EAE289B5 /* AppRoute.swift in Sources */ = {isa = PBXBuildFile; fileRef = 4F2F7F907227CA11AFBACB85 /* AppRoute.swift */; };
		E314FBA7C391288300E3A7DE /* BookfolioTests.swift in Sources */ = {isa = PBXBuildFile; fileRef = 44B4838F95759BEFBC439085 /* BookfolioTests.swift */; };
		ED480075F9A951D10FAB5CA4 /* FeedTab.swift in Sources */ = {isa = PBXBuildFile; fileRef = 6FC38B68993D37B337D00090 /* FeedTab.swift */; };
		FECBFFAECDC07CB7EF9D7686 /* ProfileHeaderView.swift in Sources */ = {isa = PBXBuildFile; fileRef = AE0E03C285E79B9109F6EAFD /* ProfileHeaderView.swift */; };
		AA1122334455667788990011 /* RankingService.swift in Sources */ = {isa = PBXBuildFile; fileRef = BB1122334455667788990011 /* RankingService.swift */; };
		AA2233445566778899001122 /* RankingFlowView.swift in Sources */ = {isa = PBXBuildFile; fileRef = BB2233445566778899001122 /* RankingFlowView.swift */; };
		AA3344556677889900112233 /* CoverSelectionStep.swift in Sources */ = {isa = PBXBuildFile; fileRef = BB3344556677889900112233 /* CoverSelectionStep.swift */; };
		AA4455667788990011223344 /* CategoryStep.swift in Sources */ = {isa = PBXBuildFile; fileRef = BB4455667788990011223344 /* CategoryStep.swift */; };
		AA5566778899001122334455 /* TierStep.swift in Sources */ = {isa = PBXBuildFile; fileRef = BB5566778899001122334455 /* TierStep.swift */; };
		AA6677889900112233445566 /* CompareStep.swift in Sources */ = {isa = PBXBuildFile; fileRef = BB6677889900112233445566 /* CompareStep.swift */; };
		AA7788990011223344556677 /* ReviewStep.swift in Sources */ = {isa = PBXBuildFile; fileRef = BB7788990011223344556677 /* ReviewStep.swift */; };
/* End PBXBuildFile section */

/* Begin PBXContainerItemProxy section */
		4473908B5506105DCA48884B /* PBXContainerItemProxy */ = {
			isa = PBXContainerItemProxy;
			containerPortal = E68B81A167A7C49579086DF7 /* Project object */;
			proxyType = 1;
			remoteGlobalIDString = 7A8BBED2FA67714F4C916343;
			remoteInfo = Bookfolio;
		};
/* End PBXContainerItemProxy section */

/* Begin PBXFileReference section */
		A1B2C3D4E5F6A7B8C9D0E1FA /* BookActionService.swift */ = {isa = PBXFileReference; lastKnownFileType = sourcecode.swift; path = BookActionService.swift; sourceTree = "<group>"; };
		B2C3D4E5F6A7B8C9D0E1F2AB /* WantToReadButton.swift */ = {isa = PBXFileReference; lastKnownFileType = sourcecode.swift; path = WantToReadButton.swift; sourceTree = "<group>"; };
		C3D4E5F6A7B8C9D0E1F2A3BC /* CurrentlyReadingButton.swift */ = {isa = PBXFileReference; lastKnownFileType = sourcecode.swift; path = CurrentlyReadingButton.swift; sourceTree = "<group>"; };
		05668133B0CF4D3CB3CE0D6B /* BookRowView.swift */ = {isa = PBXFileReference; lastKnownFileType = sourcecode.swift; path = BookRowView.swift; sourceTree = "<group>"; };
		0D8A00F6393320A9FD2499E0 /* Notification.swift */ = {isa = PBXFileReference; lastKnownFileType = sourcecode.swift; path = Notification.swift; sourceTree = "<group>"; };
		0E7652B47A896B0566553584 /* AuthError+Display.swift */ = {isa = PBXFileReference; lastKnownFileType = sourcecode.swift; path = "AuthError+Display.swift"; sourceTree = "<group>"; };
		1364936A66779B3F6DFED284 /* Info.plist */ = {isa = PBXFileReference; lastKnownFileType = text.plist; path = Info.plist; sourceTree = "<group>"; };
		179E73F6152A324D75AB04AE /* Profile.swift */ = {isa = PBXFileReference; lastKnownFileType = sourcecode.swift; path = Profile.swift; sourceTree = "<group>"; };
		1FA4E7BC65434C33CD1BE039 /* Bookfolio.entitlements */ = {isa = PBXFileReference; lastKnownFileType = text.plist.entitlements; path = Bookfolio.entitlements; sourceTree = "<group>"; };
		26572BFF35D1002E3E8CB8A7 /* Config.swift */ = {isa = PBXFileReference; lastKnownFileType = sourcecode.swift; path = Config.swift; sourceTree = "<group>"; };
		27AC24D2F35CDC5C5A6B88C8 /* WantToReadView.swift */ = {isa = PBXFileReference; lastKnownFileType = sourcecode.swift; path = WantToReadView.swift; sourceTree = "<group>"; };
		28F6590CD187B30AD0DBF387 /* BookSearchView.swift */ = {isa = PBXFileReference; lastKnownFileType = sourcecode.swift; path = BookSearchView.swift; sourceTree = "<group>"; };
		29F62733405B641F523B6462 /* NotificationItemView.swift */ = {isa = PBXFileReference; lastKnownFileType = sourcecode.swift; path = NotificationItemView.swift; sourceTree = "<group>"; };
		375BBE3AEA7EA07DE5524E0F /* BookfolioTests.xctest */ = {isa = PBXFileReference; includeInIndex = 0; lastKnownFileType = wrapper.cfbundle; path = BookfolioTests.xctest; sourceTree = BUILT_PRODUCTS_DIR; };
		40727BDC00331C4741035DBF /* Preview Assets.xcassets */ = {isa = PBXFileReference; lastKnownFileType = folder.assetcatalog; path = "Preview Assets.xcassets"; sourceTree = "<group>"; };
		44B4838F95759BEFBC439085 /* BookfolioTests.swift */ = {isa = PBXFileReference; lastKnownFileType = sourcecode.swift; path = BookfolioTests.swift; sourceTree = "<group>"; };
		4993BD71FB2A371AB7279621 /* Follow.swift */ = {isa = PBXFileReference; lastKnownFileType = sourcecode.swift; path = Follow.swift; sourceTree = "<group>"; };
		4F2F7F907227CA11AFBACB85 /* AppRoute.swift */ = {isa = PBXFileReference; lastKnownFileType = sourcecode.swift; path = AppRoute.swift; sourceTree = "<group>"; };
		526B5EC6D449D663E7B2C826 /* TabRouter.swift */ = {isa = PBXFileReference; lastKnownFileType = sourcecode.swift; path = TabRouter.swift; sourceTree = "<group>"; };
		553F233E3E0F83EB26C60A76 /* ListsTab.swift */ = {isa = PBXFileReference; lastKnownFileType = sourcecode.swift; path = ListsTab.swift; sourceTree = "<group>"; };
		55D235089074E47177103A3B /* ReadBooksView.swift */ = {isa = PBXFileReference; lastKnownFileType = sourcecode.swift; path = ReadBooksView.swift; sourceTree = "<group>"; };
		59E11A8F654E2E7AE6BDCFB8 /* BookList.swift */ = {isa = PBXFileReference; lastKnownFileType = sourcecode.swift; path = BookList.swift; sourceTree = "<group>"; };
		5E7F3B5EB350756F3BF524D4 /* Assets.xcassets */ = {isa = PBXFileReference; lastKnownFileType = folder.assetcatalog; path = Assets.xcassets; sourceTree = "<group>"; };
		6FC38B68993D37B337D00090 /* FeedTab.swift */ = {isa = PBXFileReference; lastKnownFileType = sourcecode.swift; path = FeedTab.swift; sourceTree = "<group>"; };
		701BB05152AA1EA8CDE87746 /* Activity.swift */ = {isa = PBXFileReference; lastKnownFileType = sourcecode.swift; path = Activity.swift; sourceTree = "<group>"; };
		7CB46FA56D562C70EF50DE96 /* BookfolioApp.swift */ = {isa = PBXFileReference; lastKnownFileType = sourcecode.swift; path = BookfolioApp.swift; sourceTree = "<group>"; };
		7D861B1088E04F2F9F9BC304 /* UserBook.swift */ = {isa = PBXFileReference; lastKnownFileType = sourcecode.swift; path = UserBook.swift; sourceTree = "<group>"; };
		7FBAD9B145B2BC5AD8F54F8E /* RouteDestination.swift */ = {isa = PBXFileReference; lastKnownFileType = sourcecode.swift; path = RouteDestination.swift; sourceTree = "<group>"; };
		89A66A0B7341EE53E490134C /* ProfileTab.swift */ = {isa = PBXFileReference; lastKnownFileType = sourcecode.swift; path = ProfileTab.swift; sourceTree = "<group>"; };
		8E727FD933A5EB9D56E0A3A4 /* AppRouter.swift */ = {isa = PBXFileReference; lastKnownFileType = sourcecode.swift; path = AppRouter.swift; sourceTree = "<group>"; };
		8E77BB618CE287E1EB23FDE5 /* FavoriteBook.swift */ = {isa = PBXFileReference; lastKnownFileType = sourcecode.swift; path = FavoriteBook.swift; sourceTree = "<group>"; };
		8F8495808F56120577D67AA5 /* BookDetailView.swift */ = {isa = PBXFileReference; lastKnownFileType = sourcecode.swift; path = BookDetailView.swift; sourceTree = "<group>"; };
		913D61A37F2B1C21DF4FC7E0 /* CurrentlyReading.swift */ = {isa = PBXFileReference; lastKnownFileType = sourcecode.swift; path = CurrentlyReading.swift; sourceTree = "<group>"; };
		9B51171CCEB26CC8D97D1B64 /* Bookfolio.app */ = {isa = PBXFileReference; includeInIndex = 0; lastKnownFileType = wrapper.application; path = Bookfolio.app; sourceTree = BUILT_PRODUCTS_DIR; };
		9DDBC1D64939BAFC7B657A89 /* AppleAuthService.swift */ = {isa = PBXFileReference; lastKnownFileType = sourcecode.swift; path = AppleAuthService.swift; sourceTree = "<group>"; };
		A1088A299700DAAB80A06694 /* EditionPickerView.swift */ = {isa = PBXFileReference; lastKnownFileType = sourcecode.swift; path = EditionPickerView.swift; sourceTree = "<group>"; };
		ADA0952B8DB74389FC2C6380 /* ProfileView.swift */ = {isa = PBXFileReference; lastKnownFileType = sourcecode.swift; path = ProfileView.swift; sourceTree = "<group>"; };
		AE0E03C285E79B9109F6EAFD /* ProfileHeaderView.swift */ = {isa = PBXFileReference; lastKnownFileType = sourcecode.swift; path = ProfileHeaderView.swift; sourceTree = "<group>"; };
		AE97EE03E2559AE4A7970EA0 /* BookListItem.swift */ = {isa = PBXFileReference; lastKnownFileType = sourcecode.swift; path = BookListItem.swift; sourceTree = "<group>"; };
		B60A3E5C03349E574AD45885 /* ReviewComment.swift */ = {isa = PBXFileReference; lastKnownFileType = sourcecode.swift; path = ReviewComment.swift; sourceTree = "<group>"; };
		B95FF63E1C1042E3D9CB9735 /* BookCoverView.swift */ = {isa = PBXFileReference; lastKnownFileType = sourcecode.swift; path = BookCoverView.swift; sourceTree = "<group>"; };
		C76AE8997AF56791BC2C9516 /* OpenLibraryService.swift */ = {isa = PBXFileReference; lastKnownFileType = sourcecode.swift; path = OpenLibraryService.swift; sourceTree = "<group>"; };
		C810FA17EACAF311EC0DD419 /* ReviewLike.swift */ = {isa = PBXFileReference; lastKnownFileType = sourcecode.swift; path = ReviewLike.swift; sourceTree = "<group>"; };
		CBAB09B84F6FC3092E42BC54 /* GoogleAuthService.swift */ = {isa = PBXFileReference; lastKnownFileType = sourcecode.swift; path = GoogleAuthService.swift; sourceTree = "<group>"; };
		D285318C0B1E1FD1175EC6DB /* FollowListView.swift */ = {isa = PBXFileReference; lastKnownFileType = sourcecode.swift; path = FollowListView.swift; sourceTree = "<group>"; };
		D3EECCE09C65F54475795ABA /* SupabaseService.swift */ = {isa = PBXFileReference; lastKnownFileType = sourcecode.swift; path = SupabaseService.swift; sourceTree = "<group>"; };
		D4C61570B13BED7FFE5DDD46 /* UsernameSetupView.swift */ = {isa = PBXFileReference; lastKnownFileType = sourcecode.swift; path = UsernameSetupView.swift; sourceTree = "<group>"; };
		DF7A6C8BD6698F410CA126C3 /* SearchTab.swift */ = {isa = PBXFileReference; lastKnownFileType = sourcecode.swift; path = SearchTab.swift; sourceTree = "<group>"; };
		E4A02C8F22912499BDFF44B7 /* FollowButton.swift */ = {isa = PBXFileReference; lastKnownFileType = sourcecode.swift; path = FollowButton.swift; sourceTree = "<group>"; };
		E5E71D2F2459912AF982E5A8 /* ProfileService.swift */ = {isa = PBXFileReference; lastKnownFileType = sourcecode.swift; path = ProfileService.swift; sourceTree = "<group>"; };
		EDC7179592EE347A38CD09ED /* EditProfileView.swift */ = {isa = PBXFileReference; lastKnownFileType = sourcecode.swift; path = EditProfileView.swift; sourceTree = "<group>"; };
		EEF62D81A51A2017B06A7F47 /* AuthService.swift */ = {isa = PBXFileReference; lastKnownFileType = sourcecode.swift; path = AuthService.swift; sourceTree = "<group>"; };
		F0139D7BB6A2CAACAB2D15D3 /* LeaderboardTab.swift */ = {isa = PBXFileReference; lastKnownFileType = sourcecode.swift; path = LeaderboardTab.swift; sourceTree = "<group>"; };
		F2C75BD7BF9C109E68C7AA13 /* Referral.swift */ = {isa = PBXFileReference; lastKnownFileType = sourcecode.swift; path = Referral.swift; sourceTree = "<group>"; };
		F33B665A8CD6C68E83501292 /* LoginView.swift */ = {isa = PBXFileReference; lastKnownFileType = sourcecode.swift; path = LoginView.swift; sourceTree = "<group>"; };
		F58CB3B1B2625498229DAE18 /* OpenLibraryTypes.swift */ = {isa = PBXFileReference; lastKnownFileType = sourcecode.swift; path = OpenLibraryTypes.swift; sourceTree = "<group>"; };
		F7BEFB44B7FCAE7A0C100154 /* WantToRead.swift */ = {isa = PBXFileReference; lastKnownFileType = sourcecode.swift; path = WantToRead.swift; sourceTree = "<group>"; };
		F9D3D1A2032094DAFEA44382 /* CurrentlyReadingView.swift */ = {isa = PBXFileReference; lastKnownFileType = sourcecode.swift; path = CurrentlyReadingView.swift; sourceTree = "<group>"; };
		FE42E9A8B372B0BF6D7D17EE /* FeedItemView.swift */ = {isa = PBXFileReference; lastKnownFileType = sourcecode.swift; path = FeedItemView.swift; sourceTree = "<group>"; };
		FFEC649270B4ECEC1EFF1056 /* FeedService.swift */ = {isa = PBXFileReference; lastKnownFileType = sourcecode.swift; path = FeedService.swift; sourceTree = "<group>"; };
		BB1122334455667788990011 /* RankingService.swift */ = {isa = PBXFileReference; lastKnownFileType = sourcecode.swift; path = RankingService.swift; sourceTree = "<group>"; };
		BB2233445566778899001122 /* RankingFlowView.swift */ = {isa = PBXFileReference; lastKnownFileType = sourcecode.swift; path = RankingFlowView.swift; sourceTree = "<group>"; };
		BB3344556677889900112233 /* CoverSelectionStep.swift */ = {isa = PBXFileReference; lastKnownFileType = sourcecode.swift; path = CoverSelectionStep.swift; sourceTree = "<group>"; };
		BB4455667788990011223344 /* CategoryStep.swift */ = {isa = PBXFileReference; lastKnownFileType = sourcecode.swift; path = CategoryStep.swift; sourceTree = "<group>"; };
		BB5566778899001122334455 /* TierStep.swift */ = {isa = PBXFileReference; lastKnownFileType = sourcecode.swift; path = TierStep.swift; sourceTree = "<group>"; };
		BB6677889900112233445566 /* CompareStep.swift */ = {isa = PBXFileReference; lastKnownFileType = sourcecode.swift; path = CompareStep.swift; sourceTree = "<group>"; };
		BB7788990011223344556677 /* ReviewStep.swift */ = {isa = PBXFileReference; lastKnownFileType = sourcecode.swift; path = ReviewStep.swift; sourceTree = "<group>"; };
/* End PBXFileReference section */

/* Begin PBXFrameworksBuildPhase section */
		3BCDE9B63126A4BAC78A96DA /* Frameworks */ = {
			isa = PBXFrameworksBuildPhase;
			buildActionMask = 2147483647;
			files = (
				3D08D101EB87390DDF7F080E /* Supabase in Frameworks */,
				0E7F578E621B6BE1A5413763 /* GoogleSignIn in Frameworks */,
				97D46EE806468137DC432D0F /* GoogleSignInSwift in Frameworks */,
			);
			runOnlyForDeploymentPostprocessing = 0;
		};
/* End PBXFrameworksBuildPhase section */

/* Begin PBXGroup section */
		078AB36D460861790F50AE5D /* Lists */ = {
			isa = PBXGroup;
			children = (
				553F233E3E0F83EB26C60A76 /* ListsTab.swift */,
			);
			path = Lists;
			sourceTree = "<group>";
		};
		1A6E93FA2848E83FB69FE4BE /* Products */ = {
			isa = PBXGroup;
			children = (
				9B51171CCEB26CC8D97D1B64 /* Bookfolio.app */,
				375BBE3AEA7EA07DE5524E0F /* BookfolioTests.xctest */,
			);
			name = Products;
			sourceTree = "<group>";
		};
		32755F19D904BB93277CBCD6 /* Book */ = {
			isa = PBXGroup;
			children = (
				8F8495808F56120577D67AA5 /* BookDetailView.swift */,
				C3D4E5F6A7B8C9D0E1F2A3BC /* CurrentlyReadingButton.swift */,
				A1088A299700DAAB80A06694 /* EditionPickerView.swift */,
				B2C3D4E5F6A7B8C9D0E1F2AB /* WantToReadButton.swift */,
			);
			path = Book;
			sourceTree = "<group>";
		};
		51D29D594C210F399A521193 /* Auth */ = {
			isa = PBXGroup;
			children = (
				0E7652B47A896B0566553584 /* AuthError+Display.swift */,
				F33B665A8CD6C68E83501292 /* LoginView.swift */,
				D4C61570B13BED7FFE5DDD46 /* UsernameSetupView.swift */,
			);
			path = Auth;
			sourceTree = "<group>";
		};
		615B580C3E006715DF9F9D10 /* Leaderboard */ = {
			isa = PBXGroup;
			children = (
				F0139D7BB6A2CAACAB2D15D3 /* LeaderboardTab.swift */,
			);
			path = Leaderboard;
			sourceTree = "<group>";
		};
		7374A67B94027D025B6DA6FC /* Services */ = {
			isa = PBXGroup;
			children = (
				9DDBC1D64939BAFC7B657A89 /* AppleAuthService.swift */,
				EEF62D81A51A2017B06A7F47 /* AuthService.swift */,
				A1B2C3D4E5F6A7B8C9D0E1FA /* BookActionService.swift */,
				FFEC649270B4ECEC1EFF1056 /* FeedService.swift */,
				CBAB09B84F6FC3092E42BC54 /* GoogleAuthService.swift */,
				C76AE8997AF56791BC2C9516 /* OpenLibraryService.swift */,
				E5E71D2F2459912AF982E5A8 /* ProfileService.swift */,
				BB1122334455667788990011 /* RankingService.swift */,
				D3EECCE09C65F54475795ABA /* SupabaseService.swift */,
			);
			path = Services;
			sourceTree = "<group>";
		};
		A0354EC34734EEAA5E051F05 /* BookfolioTests */ = {
			isa = PBXGroup;
			children = (
				44B4838F95759BEFBC439085 /* BookfolioTests.swift */,
			);
			path = BookfolioTests;
			sourceTree = "<group>";
		};
		AF1619BB9D86C603FCDB62C2 = {
			isa = PBXGroup;
			children = (
				C082DACAE3B532C97E63EB4B /* Bookfolio */,
				A0354EC34734EEAA5E051F05 /* BookfolioTests */,
				1A6E93FA2848E83FB69FE4BE /* Products */,
			);
			sourceTree = "<group>";
		};
		B567AB8FCE8FA3A501D496A6 /* SharedComponents */ = {
			isa = PBXGroup;
			children = (
				B95FF63E1C1042E3D9CB9735 /* BookCoverView.swift */,
			);
			path = SharedComponents;
			sourceTree = "<group>";
		};
		B9D1D1E9E08DFF41E62E04D2 /* Navigation */ = {
			isa = PBXGroup;
			children = (
				4F2F7F907227CA11AFBACB85 /* AppRoute.swift */,
				8E727FD933A5EB9D56E0A3A4 /* AppRouter.swift */,
				7FBAD9B145B2BC5AD8F54F8E /* RouteDestination.swift */,
				526B5EC6D449D663E7B2C826 /* TabRouter.swift */,
			);
			path = Navigation;
			sourceTree = "<group>";
		};
		BF96E301B68B5AEC0E8E244D /* Features */ = {
			isa = PBXGroup;
			children = (
				51D29D594C210F399A521193 /* Auth */,
				32755F19D904BB93277CBCD6 /* Book */,
				D13976CDDE1D5427CFFA6E7C /* Feed */,
				615B580C3E006715DF9F9D10 /* Leaderboard */,
				078AB36D460861790F50AE5D /* Lists */,
				C977B71B99BDC8AAFBA785E4 /* Profile */,
				CC1122334455667788990011 /* Ranking */,
				F85B2DDABF96C8C73FAC690C /* Search */,
			);
			path = Features;
			sourceTree = "<group>";
		};
		C082DACAE3B532C97E63EB4B /* Bookfolio */ = {
			isa = PBXGroup;
			children = (
				5E7F3B5EB350756F3BF524D4 /* Assets.xcassets */,
				1FA4E7BC65434C33CD1BE039 /* Bookfolio.entitlements */,
				7CB46FA56D562C70EF50DE96 /* BookfolioApp.swift */,
				26572BFF35D1002E3E8CB8A7 /* Config.swift */,
				1364936A66779B3F6DFED284 /* Info.plist */,
				BF96E301B68B5AEC0E8E244D /* Features */,
				C148A84EAF47252C54B4C004 /* Models */,
				B9D1D1E9E08DFF41E62E04D2 /* Navigation */,
				F41B8FF3077A1FCCEE1ECE14 /* Preview Content */,
				7374A67B94027D025B6DA6FC /* Services */,
				B567AB8FCE8FA3A501D496A6 /* SharedComponents */,
			);
			path = Bookfolio;
			sourceTree = "<group>";
		};
		C148A84EAF47252C54B4C004 /* Models */ = {
			isa = PBXGroup;
			children = (
				701BB05152AA1EA8CDE87746 /* Activity.swift */,
				59E11A8F654E2E7AE6BDCFB8 /* BookList.swift */,
				AE97EE03E2559AE4A7970EA0 /* BookListItem.swift */,
				913D61A37F2B1C21DF4FC7E0 /* CurrentlyReading.swift */,
				8E77BB618CE287E1EB23FDE5 /* FavoriteBook.swift */,
				4993BD71FB2A371AB7279621 /* Follow.swift */,
				0D8A00F6393320A9FD2499E0 /* Notification.swift */,
				F58CB3B1B2625498229DAE18 /* OpenLibraryTypes.swift */,
				179E73F6152A324D75AB04AE /* Profile.swift */,
				F2C75BD7BF9C109E68C7AA13 /* Referral.swift */,
				B60A3E5C03349E574AD45885 /* ReviewComment.swift */,
				C810FA17EACAF311EC0DD419 /* ReviewLike.swift */,
				7D861B1088E04F2F9F9BC304 /* UserBook.swift */,
				F7BEFB44B7FCAE7A0C100154 /* WantToRead.swift */,
			);
			path = Models;
			sourceTree = "<group>";
		};
		C977B71B99BDC8AAFBA785E4 /* Profile */ = {
			isa = PBXGroup;
			children = (
				05668133B0CF4D3CB3CE0D6B /* BookRowView.swift */,
				F9D3D1A2032094DAFEA44382 /* CurrentlyReadingView.swift */,
				EDC7179592EE347A38CD09ED /* EditProfileView.swift */,
				E4A02C8F22912499BDFF44B7 /* FollowButton.swift */,
				D285318C0B1E1FD1175EC6DB /* FollowListView.swift */,
				AE0E03C285E79B9109F6EAFD /* ProfileHeaderView.swift */,
				89A66A0B7341EE53E490134C /* ProfileTab.swift */,
				ADA0952B8DB74389FC2C6380 /* ProfileView.swift */,
				55D235089074E47177103A3B /* ReadBooksView.swift */,
				27AC24D2F35CDC5C5A6B88C8 /* WantToReadView.swift */,
			);
			path = Profile;
			sourceTree = "<group>";
		};
		D13976CDDE1D5427CFFA6E7C /* Feed */ = {
			isa = PBXGroup;
			children = (
				FE42E9A8B372B0BF6D7D17EE /* FeedItemView.swift */,
				6FC38B68993D37B337D00090 /* FeedTab.swift */,
				29F62733405B641F523B6462 /* NotificationItemView.swift */,
			);
			path = Feed;
			sourceTree = "<group>";
		};
		F41B8FF3077A1FCCEE1ECE14 /* Preview Content */ = {
			isa = PBXGroup;
			children = (
				40727BDC00331C4741035DBF /* Preview Assets.xcassets */,
			);
			path = "Preview Content";
			sourceTree = "<group>";
		};
		CC1122334455667788990011 /* Ranking */ = {
			isa = PBXGroup;
			children = (
				BB4455667788990011223344 /* CategoryStep.swift */,
				BB6677889900112233445566 /* CompareStep.swift */,
				BB3344556677889900112233 /* CoverSelectionStep.swift */,
				BB7788990011223344556677 /* ReviewStep.swift */,
				BB2233445566778899001122 /* RankingFlowView.swift */,
				BB5566778899001122334455 /* TierStep.swift */,
			);
			path = Ranking;
			sourceTree = "<group>";
		};
		F85B2DDABF96C8C73FAC690C /* Search */ = {
			isa = PBXGroup;
			children = (
				28F6590CD187B30AD0DBF387 /* BookSearchView.swift */,
				DF7A6C8BD6698F410CA126C3 /* SearchTab.swift */,
			);
			path = Search;
			sourceTree = "<group>";
		};
/* End PBXGroup section */

/* Begin PBXNativeTarget section */
		25B21807E03239A25332915F /* BookfolioTests */ = {
			isa = PBXNativeTarget;
			buildConfigurationList = 80AD4C44AB4E4B9EFD1D557D /* Build configuration list for PBXNativeTarget "BookfolioTests" */;
			buildPhases = (
				BD25497287E3A5ECD9731B87 /* Sources */,
			);
			buildRules = (
			);
			dependencies = (
				5C3A85925974E5C279487370 /* PBXTargetDependency */,
			);
			name = BookfolioTests;
			packageProductDependencies = (
			);
			productName = BookfolioTests;
			productReference = 375BBE3AEA7EA07DE5524E0F /* BookfolioTests.xctest */;
			productType = "com.apple.product-type.bundle.unit-test";
		};
		7A8BBED2FA67714F4C916343 /* Bookfolio */ = {
			isa = PBXNativeTarget;
			buildConfigurationList = 92B2FB3FFDF296D3593512F8 /* Build configuration list for PBXNativeTarget "Bookfolio" */;
			buildPhases = (
				3293BD99086FABAE422FE630 /* Sources */,
				F5B78BAFADAFC20C980DD044 /* Resources */,
				3BCDE9B63126A4BAC78A96DA /* Frameworks */,
			);
			buildRules = (
			);
			dependencies = (
			);
			name = Bookfolio;
			packageProductDependencies = (
				75A54410B3DB998992C79122 /* Supabase */,
				1C2718F7C24809653AD66131 /* GoogleSignIn */,
				D01179B0507342E54EF07804 /* GoogleSignInSwift */,
			);
			productName = Bookfolio;
			productReference = 9B51171CCEB26CC8D97D1B64 /* Bookfolio.app */;
			productType = "com.apple.product-type.application";
		};
/* End PBXNativeTarget section */

/* Begin PBXProject section */
		E68B81A167A7C49579086DF7 /* Project object */ = {
			isa = PBXProject;
			attributes = {
				BuildIndependentTargetsInParallel = YES;
				LastUpgradeCheck = 1600;
			};
			buildConfigurationList = A2FEF5244EAD7690BDE6E940 /* Build configuration list for PBXProject "Bookfolio" */;
			compatibilityVersion = "Xcode 14.0";
			developmentRegion = en;
			hasScannedForEncodings = 0;
			knownRegions = (
				Base,
				en,
			);
			mainGroup = AF1619BB9D86C603FCDB62C2;
			minimizedProjectReferenceProxies = 1;
			packageReferences = (
				A7529D3CADD843C200CFFDE0 /* XCRemoteSwiftPackageReference "GoogleSignIn-iOS" */,
				6097A563444F97B6FDAF7C9C /* XCRemoteSwiftPackageReference "supabase-swift" */,
			);
			preferredProjectObjectVersion = 77;
			projectDirPath = "";
			projectRoot = "";
			targets = (
				7A8BBED2FA67714F4C916343 /* Bookfolio */,
				25B21807E03239A25332915F /* BookfolioTests */,
			);
		};
/* End PBXProject section */

/* Begin PBXResourcesBuildPhase section */
		F5B78BAFADAFC20C980DD044 /* Resources */ = {
			isa = PBXResourcesBuildPhase;
			buildActionMask = 2147483647;
			files = (
				747FA723B5C24BA27798B448 /* Assets.xcassets in Resources */,
				83C913832856FD55C9F49AB2 /* Preview Assets.xcassets in Resources */,
			);
			runOnlyForDeploymentPostprocessing = 0;
		};
/* End PBXResourcesBuildPhase section */

/* Begin PBXSourcesBuildPhase section */
		3293BD99086FABAE422FE630 /* Sources */ = {
			isa = PBXSourcesBuildPhase;
			buildActionMask = 2147483647;
			files = (
				5F52CA47B98463F09C5C72E8 /* Activity.swift in Sources */,
				E174963219E8B5D1EAE289B5 /* AppRoute.swift in Sources */,
				AD83D1E83B0FCAA6FBA308A9 /* AppRouter.swift in Sources */,
				686698413BFE3CD21A6B64F5 /* AppleAuthService.swift in Sources */,
				77DD17ED33C5F343EA7F5816 /* AuthError+Display.swift in Sources */,
				2D346057A0531FA45D9BFA4E /* AuthService.swift in Sources */,
				1F5EBB1D80855B843263FED4 /* BookCoverView.swift in Sources */,
				0A1B2C3D4E5F6A7B8C9D0E1F /* BookActionService.swift in Sources */,
				B5C92ADB2B8744ABA82DC755 /* BookDetailView.swift in Sources */,
				2C3D4E5F6A7B8C9D0E1F2A3B /* CurrentlyReadingButton.swift in Sources */,
				8D4FB892CA96E4692E3EA141 /* BookList.swift in Sources */,
				8BE87EA133B9D2B7B7563ECC /* BookListItem.swift in Sources */,
				1327944E894AB7D6737D0040 /* BookRowView.swift in Sources */,
				39CF22880DE094DB0FB5345A /* BookSearchView.swift in Sources */,
				440007686F38778ECC4F5415 /* BookfolioApp.swift in Sources */,
				A8226D17DE59D0DB29B6A18B /* Config.swift in Sources */,
				38BCA4770442541AE96B9956 /* CurrentlyReading.swift in Sources */,
				84E330AE94D3E66DCC3F2E18 /* CurrentlyReadingView.swift in Sources */,
				7EA090D93940FB1CCFD16835 /* EditProfileView.swift in Sources */,
				2787B2ADD0A3961053CB9AFF /* EditionPickerView.swift in Sources */,
				B3D89BFFBACD49719729B833 /* FavoriteBook.swift in Sources */,
				A502CD88F533E9F00F39F279 /* FeedItemView.swift in Sources */,
				11E34707CAE482BF9495C3F0 /* FeedService.swift in Sources */,
				ED480075F9A951D10FAB5CA4 /* FeedTab.swift in Sources */,
				63576D980D1FEDF2A3EF9581 /* Follow.swift in Sources */,
				191B468D88B3D24D33CF758C /* FollowButton.swift in Sources */,
				8386211142BCE045AA67F163 /* FollowListView.swift in Sources */,
				141114D554B12CF4A1327F35 /* GoogleAuthService.swift in Sources */,
				2B6C7C8B34EF838297F692F8 /* LeaderboardTab.swift in Sources */,
				963FE8A741E657F052DDBC71 /* ListsTab.swift in Sources */,
				48DB8A4ACA21A6DCCC7DD12E /* LoginView.swift in Sources */,
				404541C13F3B8DD1AEA74127 /* Notification.swift in Sources */,
				B50461093051B6610037ECA3 /* NotificationItemView.swift in Sources */,
				8279664987ABF9DEA4122339 /* OpenLibraryService.swift in Sources */,
				52E8926F35D5E917711064BA /* OpenLibraryTypes.swift in Sources */,
				940AF755276D38A12560BA5B /* Profile.swift in Sources */,
				FECBFFAECDC07CB7EF9D7686 /* ProfileHeaderView.swift in Sources */,
				410132F61B02429A15E1AA14 /* ProfileService.swift in Sources */,
				7FC27ABD30BDDD73EDB4B059 /* ProfileTab.swift in Sources */,
				83C6F99B8755FF8C07B5C570 /* ProfileView.swift in Sources */,
				CCD41FEB9DF0142CF17A54D0 /* ReadBooksView.swift in Sources */,
				4F3858409401D1D145787D55 /* Referral.swift in Sources */,
				1D6DC2C44A76D1280510D8D2 /* ReviewComment.swift in Sources */,
				4B91C30AA5378539D4F2906A /* ReviewLike.swift in Sources */,
				AA1122334455667788990011 /* RankingService.swift in Sources */,
				AA2233445566778899001122 /* RankingFlowView.swift in Sources */,
				AA3344556677889900112233 /* CoverSelectionStep.swift in Sources */,
				AA4455667788990011223344 /* CategoryStep.swift in Sources */,
				AA5566778899001122334455 /* TierStep.swift in Sources */,
				AA6677889900112233445566 /* CompareStep.swift in Sources */,
				AA7788990011223344556677 /* ReviewStep.swift in Sources */,
				B88878F93F7BD97471E3D866 /* RouteDestination.swift in Sources */,
				72F38D5FBED62DB5A916A94B /* SearchTab.swift in Sources */,
				82EBC25FCFFB5D0C7E7C76F9 /* SupabaseService.swift in Sources */,
				A42DD9D6B49C66B1373BDB07 /* TabRouter.swift in Sources */,
				7677B6A46A782C79DC2014A4 /* UserBook.swift in Sources */,
				9EA0985F78AE18E5B2222556 /* UsernameSetupView.swift in Sources */,
				1B2C3D4E5F6A7B8C9D0E1F2A /* WantToReadButton.swift in Sources */,
				0A460AC41911317776B8D784 /* WantToRead.swift in Sources */,
				DB9543E6063BF15FBD827050 /* WantToReadView.swift in Sources */,
			);
			runOnlyForDeploymentPostprocessing = 0;
		};
		BD25497287E3A5ECD9731B87 /* Sources */ = {
			isa = PBXSourcesBuildPhase;
			buildActionMask = 2147483647;
			files = (
				E314FBA7C391288300E3A7DE /* BookfolioTests.swift in Sources */,
			);
			runOnlyForDeploymentPostprocessing = 0;
		};
/* End PBXSourcesBuildPhase section */

/* Begin PBXTargetDependency section */
		5C3A85925974E5C279487370 /* PBXTargetDependency */ = {
			isa = PBXTargetDependency;
			target = 7A8BBED2FA67714F4C916343 /* Bookfolio */;
			targetProxy = 4473908B5506105DCA48884B /* PBXContainerItemProxy */;
		};
/* End PBXTargetDependency section */

/* Begin XCBuildConfiguration section */
		11573ACE6C229E3472642CD1 /* Debug */ = {
			isa = XCBuildConfiguration;
			buildSettings = {
				ALWAYS_SEARCH_USER_PATHS = NO;
				CLANG_ANALYZER_NONNULL = YES;
				CLANG_ANALYZER_NUMBER_OBJECT_CONVERSION = YES_AGGRESSIVE;
				CLANG_CXX_LANGUAGE_STANDARD = "gnu++14";
				CLANG_CXX_LIBRARY = "libc++";
				CLANG_ENABLE_MODULES = YES;
				CLANG_ENABLE_OBJC_ARC = YES;
				CLANG_ENABLE_OBJC_WEAK = YES;
				CLANG_WARN_BLOCK_CAPTURE_AUTORELEASING = YES;
				CLANG_WARN_BOOL_CONVERSION = YES;
				CLANG_WARN_COMMA = YES;
				CLANG_WARN_CONSTANT_CONVERSION = YES;
				CLANG_WARN_DEPRECATED_OBJC_IMPLEMENTATIONS = YES;
				CLANG_WARN_DIRECT_OBJC_ISA_USAGE = YES_ERROR;
				CLANG_WARN_DOCUMENTATION_COMMENTS = YES;
				CLANG_WARN_EMPTY_BODY = YES;
				CLANG_WARN_ENUM_CONVERSION = YES;
				CLANG_WARN_INFINITE_RECURSION = YES;
				CLANG_WARN_INT_CONVERSION = YES;
				CLANG_WARN_NON_LITERAL_NULL_CONVERSION = YES;
				CLANG_WARN_OBJC_IMPLICIT_RETAIN_SELF = YES;
				CLANG_WARN_OBJC_LITERAL_CONVERSION = YES;
				CLANG_WARN_OBJC_ROOT_CLASS = YES_ERROR;
				CLANG_WARN_QUOTED_INCLUDE_IN_FRAMEWORK_HEADER = YES;
				CLANG_WARN_RANGE_LOOP_ANALYSIS = YES;
				CLANG_WARN_STRICT_PROTOTYPES = YES;
				CLANG_WARN_SUSPICIOUS_MOVE = YES;
				CLANG_WARN_UNGUARDED_AVAILABILITY = YES_AGGRESSIVE;
				CLANG_WARN_UNREACHABLE_CODE = YES;
				CLANG_WARN__DUPLICATE_METHOD_MATCH = YES;
				COPY_PHASE_STRIP = NO;
				DEBUG_INFORMATION_FORMAT = dwarf;
				ENABLE_STRICT_OBJC_MSGSEND = YES;
				ENABLE_TESTABILITY = YES;
				GCC_C_LANGUAGE_STANDARD = gnu11;
				GCC_DYNAMIC_NO_PIC = NO;
				GCC_NO_COMMON_BLOCKS = YES;
				GCC_OPTIMIZATION_LEVEL = 0;
				GCC_PREPROCESSOR_DEFINITIONS = (
					"$(inherited)",
					"DEBUG=1",
				);
				GCC_WARN_64_TO_32_BIT_CONVERSION = YES;
				GCC_WARN_ABOUT_RETURN_TYPE = YES_ERROR;
				GCC_WARN_UNDECLARED_SELECTOR = YES;
				GCC_WARN_UNINITIALIZED_AUTOS = YES_AGGRESSIVE;
				GCC_WARN_UNUSED_FUNCTION = YES;
				GCC_WARN_UNUSED_VARIABLE = YES;
				IPHONEOS_DEPLOYMENT_TARGET = 16.0;
				MTL_ENABLE_DEBUG_INFO = INCLUDE_SOURCE;
				MTL_FAST_MATH = YES;
				ONLY_ACTIVE_ARCH = YES;
				PRODUCT_NAME = "$(TARGET_NAME)";
				SDKROOT = iphoneos;
				SWIFT_ACTIVE_COMPILATION_CONDITIONS = DEBUG;
				SWIFT_OPTIMIZATION_LEVEL = "-Onone";
				SWIFT_VERSION = 5.0;
			};
			name = Debug;
		};
		2BAD83F329CA20F163E55DD4 /* Release */ = {
			isa = XCBuildConfiguration;
			buildSettings = {
				ALWAYS_SEARCH_USER_PATHS = NO;
				CLANG_ANALYZER_NONNULL = YES;
				CLANG_ANALYZER_NUMBER_OBJECT_CONVERSION = YES_AGGRESSIVE;
				CLANG_CXX_LANGUAGE_STANDARD = "gnu++14";
				CLANG_CXX_LIBRARY = "libc++";
				CLANG_ENABLE_MODULES = YES;
				CLANG_ENABLE_OBJC_ARC = YES;
				CLANG_ENABLE_OBJC_WEAK = YES;
				CLANG_WARN_BLOCK_CAPTURE_AUTORELEASING = YES;
				CLANG_WARN_BOOL_CONVERSION = YES;
				CLANG_WARN_COMMA = YES;
				CLANG_WARN_CONSTANT_CONVERSION = YES;
				CLANG_WARN_DEPRECATED_OBJC_IMPLEMENTATIONS = YES;
				CLANG_WARN_DIRECT_OBJC_ISA_USAGE = YES_ERROR;
				CLANG_WARN_DOCUMENTATION_COMMENTS = YES;
				CLANG_WARN_EMPTY_BODY = YES;
				CLANG_WARN_ENUM_CONVERSION = YES;
				CLANG_WARN_INFINITE_RECURSION = YES;
				CLANG_WARN_INT_CONVERSION = YES;
				CLANG_WARN_NON_LITERAL_NULL_CONVERSION = YES;
				CLANG_WARN_OBJC_IMPLICIT_RETAIN_SELF = YES;
				CLANG_WARN_OBJC_LITERAL_CONVERSION = YES;
				CLANG_WARN_OBJC_ROOT_CLASS = YES_ERROR;
				CLANG_WARN_QUOTED_INCLUDE_IN_FRAMEWORK_HEADER = YES;
				CLANG_WARN_RANGE_LOOP_ANALYSIS = YES;
				CLANG_WARN_STRICT_PROTOTYPES = YES;
				CLANG_WARN_SUSPICIOUS_MOVE = YES;
				CLANG_WARN_UNGUARDED_AVAILABILITY = YES_AGGRESSIVE;
				CLANG_WARN_UNREACHABLE_CODE = YES;
				CLANG_WARN__DUPLICATE_METHOD_MATCH = YES;
				COPY_PHASE_STRIP = NO;
				DEBUG_INFORMATION_FORMAT = "dwarf-with-dsym";
				ENABLE_NS_ASSERTIONS = NO;
				ENABLE_STRICT_OBJC_MSGSEND = YES;
				GCC_C_LANGUAGE_STANDARD = gnu11;
				GCC_NO_COMMON_BLOCKS = YES;
				GCC_WARN_64_TO_32_BIT_CONVERSION = YES;
				GCC_WARN_ABOUT_RETURN_TYPE = YES_ERROR;
				GCC_WARN_UNDECLARED_SELECTOR = YES;
				GCC_WARN_UNINITIALIZED_AUTOS = YES_AGGRESSIVE;
				GCC_WARN_UNUSED_FUNCTION = YES;
				GCC_WARN_UNUSED_VARIABLE = YES;
				IPHONEOS_DEPLOYMENT_TARGET = 16.0;
				MTL_ENABLE_DEBUG_INFO = NO;
				MTL_FAST_MATH = YES;
				PRODUCT_NAME = "$(TARGET_NAME)";
				SDKROOT = iphoneos;
				SWIFT_COMPILATION_MODE = wholemodule;
				SWIFT_OPTIMIZATION_LEVEL = "-O";
				SWIFT_VERSION = 5.0;
			};
			name = Release;
		};
		959BD0E02B8D28C1459F4E07 /* Release */ = {
			isa = XCBuildConfiguration;
			buildSettings = {
				ASSETCATALOG_COMPILER_APPICON_NAME = AppIcon;
				CODE_SIGN_ENTITLEMENTS = Bookfolio/Bookfolio.entitlements;
				CODE_SIGN_IDENTITY = "iPhone Developer";
				CURRENT_PROJECT_VERSION = 1;
				GENERATE_INFOPLIST_FILE = NO;
				INFOPLIST_FILE = Bookfolio/Info.plist;
				LD_RUNPATH_SEARCH_PATHS = (
					"$(inherited)",
					"@executable_path/Frameworks",
				);
				MARKETING_VERSION = 1.0.0;
				PRODUCT_BUNDLE_IDENTIFIER = com.bookfolio.ios;
				PRODUCT_NAME = Bookfolio;
				SDKROOT = iphoneos;
				SWIFT_STRICT_CONCURRENCY = complete;
				SWIFT_VERSION = 6.0;
				TARGETED_DEVICE_FAMILY = "1,2";
			};
			name = Release;
		};
		E3172D3066B6959604CE4100 /* Debug */ = {
			isa = XCBuildConfiguration;
			buildSettings = {
				BUNDLE_LOADER = "$(TEST_HOST)";
				LD_RUNPATH_SEARCH_PATHS = (
					"$(inherited)",
					"@executable_path/Frameworks",
					"@loader_path/Frameworks",
				);
				PRODUCT_BUNDLE_IDENTIFIER = com.bookfolio.ios.tests;
				SDKROOT = iphoneos;
				SWIFT_VERSION = 6.0;
				TARGETED_DEVICE_FAMILY = "1,2";
				TEST_HOST = "$(BUILT_PRODUCTS_DIR)/Bookfolio.app/Bookfolio";
			};
			name = Debug;
		};
		F6CE96AF4A8B8C7FB8D76AB3 /* Debug */ = {
			isa = XCBuildConfiguration;
			buildSettings = {
				ASSETCATALOG_COMPILER_APPICON_NAME = AppIcon;
				CODE_SIGN_ENTITLEMENTS = Bookfolio/Bookfolio.entitlements;
				CODE_SIGN_IDENTITY = "iPhone Developer";
				CURRENT_PROJECT_VERSION = 1;
				GENERATE_INFOPLIST_FILE = NO;
				INFOPLIST_FILE = Bookfolio/Info.plist;
				LD_RUNPATH_SEARCH_PATHS = (
					"$(inherited)",
					"@executable_path/Frameworks",
				);
				MARKETING_VERSION = 1.0.0;
				PRODUCT_BUNDLE_IDENTIFIER = com.bookfolio.ios;
				PRODUCT_NAME = Bookfolio;
				SDKROOT = iphoneos;
				SWIFT_STRICT_CONCURRENCY = complete;
				SWIFT_VERSION = 6.0;
				TARGETED_DEVICE_FAMILY = "1,2";
			};
			name = Debug;
		};
		FC0DAC0F7DBA630353299009 /* Release */ = {
			isa = XCBuildConfiguration;
			buildSettings = {
				BUNDLE_LOADER = "$(TEST_HOST)";
				LD_RUNPATH_SEARCH_PATHS = (
					"$(inherited)",
					"@executable_path/Frameworks",
					"@loader_path/Frameworks",
				);
				PRODUCT_BUNDLE_IDENTIFIER = com.bookfolio.ios.tests;
				SDKROOT = iphoneos;
				SWIFT_VERSION = 6.0;
				TARGETED_DEVICE_FAMILY = "1,2";
				TEST_HOST = "$(BUILT_PRODUCTS_DIR)/Bookfolio.app/Bookfolio";
			};
			name = Release;
		};
/* End XCBuildConfiguration section */

/* Begin XCConfigurationList section */
		80AD4C44AB4E4B9EFD1D557D /* Build configuration list for PBXNativeTarget "BookfolioTests" */ = {
			isa = XCConfigurationList;
			buildConfigurations = (
				E3172D3066B6959604CE4100 /* Debug */,
				FC0DAC0F7DBA630353299009 /* Release */,
			);
			defaultConfigurationIsVisible = 0;
			defaultConfigurationName = Debug;
		};
		92B2FB3FFDF296D3593512F8 /* Build configuration list for PBXNativeTarget "Bookfolio" */ = {
			isa = XCConfigurationList;
			buildConfigurations = (
				F6CE96AF4A8B8C7FB8D76AB3 /* Debug */,
				959BD0E02B8D28C1459F4E07 /* Release */,
			);
			defaultConfigurationIsVisible = 0;
			defaultConfigurationName = Debug;
		};
		A2FEF5244EAD7690BDE6E940 /* Build configuration list for PBXProject "Bookfolio" */ = {
			isa = XCConfigurationList;
			buildConfigurations = (
				11573ACE6C229E3472642CD1 /* Debug */,
				2BAD83F329CA20F163E55DD4 /* Release */,
			);
			defaultConfigurationIsVisible = 0;
			defaultConfigurationName = Debug;
		};
/* End XCConfigurationList section */

/* Begin XCRemoteSwiftPackageReference section */
		6097A563444F97B6FDAF7C9C /* XCRemoteSwiftPackageReference "supabase-swift" */ = {
			isa = XCRemoteSwiftPackageReference;
			repositoryURL = "https://github.com/supabase/supabase-swift";
			requirement = {
				kind = upToNextMajorVersion;
				minimumVersion = 2.0.0;
			};
		};
		A7529D3CADD843C200CFFDE0 /* XCRemoteSwiftPackageReference "GoogleSignIn-iOS" */ = {
			isa = XCRemoteSwiftPackageReference;
			repositoryURL = "https://github.com/google/GoogleSignIn-iOS";
			requirement = {
				kind = upToNextMajorVersion;
				minimumVersion = 8.0.0;
			};
		};
/* End XCRemoteSwiftPackageReference section */

/* Begin XCSwiftPackageProductDependency section */
		1C2718F7C24809653AD66131 /* GoogleSignIn */ = {
			isa = XCSwiftPackageProductDependency;
			package = A7529D3CADD843C200CFFDE0 /* XCRemoteSwiftPackageReference "GoogleSignIn-iOS" */;
			productName = GoogleSignIn;
		};
		75A54410B3DB998992C79122 /* Supabase */ = {
			isa = XCSwiftPackageProductDependency;
			package = 6097A563444F97B6FDAF7C9C /* XCRemoteSwiftPackageReference "supabase-swift" */;
			productName = Supabase;
		};
		D01179B0507342E54EF07804 /* GoogleSignInSwift */ = {
			isa = XCSwiftPackageProductDependency;
			package = A7529D3CADD843C200CFFDE0 /* XCRemoteSwiftPackageReference "GoogleSignIn-iOS" */;
			productName = GoogleSignInSwift;
		};
/* End XCSwiftPackageProductDependency section */
	};
	rootObject = E68B81A167A7C49579086DF7 /* Project object */;
}
